// !$*UTF8*$!
{
	archiveVersion = 1;
	classes = {
	};
	objectVersion = 56;
	objects = {

/* ========== PBBuildFile ========== */

		1A0001 /* DictionaryApp.swift in Sources */ = {isa = PBBuildFile; fileRef = 2A0001; };
		1A0002 /* DatabaseService.swift in Sources */ = {isa = PBBuildFile; fileRef = 2A0002; };
		1A0003 /* PronunciationService.swift in Sources */ = {isa = PBBuildFile; fileRef = 2A0003; };
		1A0004 /* WordEntry.swift in Sources */ = {isa = PBBuildFile; fileRef = 2A0004; };
		1A0005 /* DatabaseConfig.swift in Sources */ = {isa = PBBuildFile; fileRef = 2A0005; };
		1A0006 /* GlassComponents.swift in Sources */ = {isa = PBBuildFile; fileRef = 2A0006; };
		1A0007 /* MainTabView.swift in Sources */ = {isa = PBBuildFile; fileRef = 2A0007; };
		1A0008 /* SearchView.swift in Sources */ = {isa = PBBuildFile; fileRef = 2A0008; };
		1A0009 /* WordDetailView.swift in Sources */ = {isa = PBBuildFile; fileRef = 2A0009; };
		1A0010 /* DiscoverView.swift in Sources */ = {isa = PBBuildFile; fileRef = 2A0010; };
		1A0011 /* FavoriteView.swift in Sources */ = {isa = PBBuildFile; fileRef = 2A0011; };
		1A0012 /* SettingsView.swift in Sources */ = {isa = PBBuildFile; fileRef = 2A0012; };
		1A0013 /* LaunchScreen.swift in Sources */ = {isa = PBBuildFile; fileRef = 2A0013; };
		1A0014 /* Assets.xcassets in Resources */ = {isa = PBBuildFile; fileRef = 2A0014; };
		1A0015 /* ecdict.db in Resources */ = {isa = PBBuildFile; fileRef = 2A0015; };
		1A0016 /* idiom.db in Resources */ = {isa = PBBuildFile; fileRef = 2A0016; };
		1A0017 /* xinhua.db in Resources */ = {isa = PBBuildFile; fileRef = 2A0017; };

/* ========== PBFileReference ========== */

		2A0001 /* DictionaryApp.swift */ = {isa = PBFileReference; lastKnownFileType = sourcecode.swift; path = DictionaryApp.swift; sourceTree = "<group>"; };
		2A0002 /* DatabaseService.swift */ = {isa = PBFileReference; lastKnownFileType = sourcecode.swift; path = DatabaseService.swift; sourceTree = "<group>"; };
		2A0003 /* PronunciationService.swift */ = {isa = PBFileReference; lastKnownFileType = sourcecode.swift; path = PronunciationService.swift; sourceTree = "<group>"; };
		2A0004 /* WordEntry.swift */ = {isa = PBFileReference; lastKnownFileType = sourcecode.swift; path = WordEntry.swift; sourceTree = "<group>"; };
		2A0005 /* DatabaseConfig.swift */ = {isa = PBFileReference; lastKnownFileType = sourcecode.swift; path = DatabaseConfig.swift; sourceTree = "<group>"; };
		2A0006 /* GlassComponents.swift */ = {isa = PBFileReference; lastKnownFileType = sourcecode.swift; path = GlassComponents.swift; sourceTree = "<group>"; };
		2A0007 /* MainTabView.swift */ = {isa = PBFileReference; lastKnownFileType = sourcecode.swift; path = MainTabView.swift; sourceTree = "<group>"; };
		2A0008 /* SearchView.swift */ = {isa = PBFileReference; lastKnownFileType = sourcecode.swift; path = SearchView.swift; sourceTree = "<group>"; };
		2A0009 /* WordDetailView.swift */ = {isa = PBFileReference; lastKnownFileType = sourcecode.swift; path = WordDetailView.swift; sourceTree = "<group>"; };
		2A0010 /* DiscoverView.swift */ = {isa = PBFileReference; lastKnownFileType = sourcecode.swift; path = DiscoverView.swift; sourceTree = "<group>"; };
		2A0011 /* FavoriteView.swift */ = {isa = PBFileReference; lastKnownFileType = sourcecode.swift; path = FavoriteView.swift; sourceTree = "<group>"; };
		2A0012 /* SettingsView.swift */ = {isa = PBFileReference; lastKnownFileType = sourcecode.swift; path = SettingsView.swift; sourceTree = "<group>"; };
		2A0013 /* LaunchScreen.swift */ = {isa = PBFileReference; lastKnownFileType = sourcecode.swift; path = LaunchScreen.swift; sourceTree = "<group>"; };
		2A0014 /* Assets.xcassets */ = {isa = PBFileReference; lastKnownFileType = folder.assetcatalog; path = Assets.xcassets; sourceTree = "<group>"; };
		2A0015 /* ecdict.db */ = {isa = PBFileReference; lastKnownFileType = file; path = ecdict.db; sourceTree = "<group>"; };
		2A0016 /* idiom.db */ = {isa = PBFileReference; lastKnownFileType = file; path = idiom.db; sourceTree = "<group>"; };
		2A0017 /* xinhua.db */ = {isa = PBFileReference; lastKnownFileType = file; path = xinhua.db; sourceTree = "<group>"; };

/* ========== PBGroup ========== */

		3A0001 /* DictionaryApp */ = {
			isa = PBGroup;
			children = (
				2A0001 /* DictionaryApp.swift */,
				3A0002 /* Models */,
				3A0003 /* Views */,
				3A0004 /* Services */,
				3A0005 /* Resources */,
				2A0014 /* Assets.xcassets */,
			);
			path = DictionaryApp;
			sourceTree = "<group>";
		};

		3A0002 /* Models */ = {
			isa = PBGroup;
			children = (
				2A0004 /* WordEntry.swift */,
				2A0005 /* DatabaseConfig.swift */,
			);
			path = Models;
			sourceTree = "<group>";
		};

		3A0003 /* Views */ = {
			isa = PBGroup;
			children = (
				3A0006 /* Components */,
				2A0007 /* MainTabView.swift */,
				2A0008 /* SearchView.swift */,
				2A0009 /* WordDetailView.swift */,
				2A0010 /* DiscoverView.swift */,
				2A0011 /* FavoriteView.swift */,
				2A0012 /* SettingsView.swift */,
				2A0013 /* LaunchScreen.swift */,
			);
			path = Views;
			sourceTree = "<group>";
		};

		3A0004 /* Services */ = {
			isa = PBGroup;
			children = (
				2A0002 /* DatabaseService.swift */,
				2A0003 /* PronunciationService.swift */,
			);
			path = Services;
			sourceTree = "<group>";
		};

		3A0005 /* Resources */ = {
			isa = PBGroup;
			children = (
				2A0015 /* ecdict.db */,
				2A0016 /* idiom.db */,
				2A0017 /* xinhua.db */,
			);
			path = Resources;
			sourceTree = "<group>";
		};

		3A0006 /* Components */ = {
			isa = PBGroup;
			children = (
				2A0006 /* GlassComponents.swift */,
			);
			path = Components;
			sourceTree = "<group>";
		};

/* ========== PBProject ========== */

		4A0001 /* Project object */ = {
			isa = PBProject;
			attributes = {
				BuildIndependentTargetsInParallel = 1;
				LastSwiftUpdateCheck = 1700;
				LastUpgradeCheck = 1700;
				TargetAttributes = {
					5A0001 = {
						CreatedOnToolsVersion = 17.0;
						ProvisioningStyle = Automatic;
					};
				};
			};
			buildConfigurationList = 6A0001;
			compatibilityVersion = "Xcode 16.0";
			developmentRegion = "zh-Hans";
			mainGroup = 3A0001;
			targets = (
				5A0001 /* DictionaryApp */,
			);
		};

/* ========== XCBuildConfiguration ========== */

		7A0001 /* Debug */ = {
			isa = XCBuildConfiguration;
			buildSettings = {
				ALWAYS_SEARCH_USER_PATHS = NO;
				ASSETCATALOG_COMPILER_APPICON_NAME = AppIcon;
				CLANG_ENABLE_MODULES = YES;
				CODE_SIGN_IDENTITY = "-";
				CODE_SIGN_STYLE = Automatic;
				CURRENT_PROJECT_VERSION = 1;
				DEVELOPMENT_TEAM = "";
				ENABLE_PREVIEWS = YES;
				GENERATE_INFOPLIST_FILE = YES;
				INFOPLIST_KEY_CFBundleDisplayName = "词典";
				INFOPLIST_KEY_UIApplicationSceneManifest_Generation = YES;
				INFOPLIST_KEY_UIApplicationSupportsIndirectInputEvents = YES;
				INFOPLIST_KEY_UILaunchScreen_Generation = YES;
				INFOPLIST_KEY_UISupportedInterfaceOrientations_iPhone = "UIInterfaceOrientationPortrait";
				IPHONEOS_DEPLOYMENT_TARGET = 26.0;
				LD_RUNPATH_SEARCH_PATHS = "$(inherited) @executable_path/Frameworks";
				MARKETING_VERSION = 1.0.0;
				PRODUCT_BUNDLE_IDENTIFIER = "com.dictionary.liquidglass";
				PRODUCT_NAME = "$(TARGET_NAME)";
				SWIFT_EMIT_LOC_STRINGS = YES;
				SWIFT_VERSION = 6.0;
				TARGETED_DEVICE_FAMILY = 1;
			};
			name = Debug;
		};

		7A0002 /* Release */ = {
			isa = XCBuildConfiguration;
			buildSettings = {
				ALWAYS_SEARCH_USER_PATHS = NO;
				ASSETCATALOG_COMPILER_APPICON_NAME = AppIcon;
				CLANG_ENABLE_MODULES = YES;
				CODE_SIGN_IDENTITY = "-";
				CODE_SIGN_STYLE = Automatic;
				CURRENT_PROJECT_VERSION = 1;
				DEVELOPMENT_TEAM = "";
				ENABLE_PREVIEWS = YES;
				GENERATE_INFOPLIST_FILE = YES;
				INFOPLIST_KEY_CFBundleDisplayName = "词典";
				INFOPLIST_KEY_UIApplicationSceneManifest_Generation = YES;
				INFOPLIST_KEY_UIApplicationSupportsIndirectInputEvents = YES;
				INFOPLIST_KEY_UILaunchScreen_Generation = YES;
				INFOPLIST_KEY_UISupportedInterfaceOrientations_iPhone = "UIInterfaceOrientationPortrait";
				IPHONEOS_DEPLOYMENT_TARGET = 26.0;
				LD_RUNPATH_SEARCH_PATHS = "$(inherited) @executable_path/Frameworks";
				MARKETING_VERSION = 1.0.0;
				PRODUCT_BUNDLE_IDENTIFIER = "com.dictionary.liquidglass";
				PRODUCT_NAME = "$(TARGET_NAME)";
				SWIFT_EMIT_LOC_STRINGS = YES;
				SWIFT_OPTIMIZATION_LEVEL = "-O";
				SWIFT_VERSION = 6.0;
				TARGETED_DEVICE_FAMILY = 1;
			};
			name = Release;
		};

	};
	rootObject = 4A0001;
}
